
Microsoft Visual Studio Solution File, Format Version 12.00
# Visual Studio Version 17
VisualStudioVersion = 17.4.33122.133
MinimumVisualStudioVersion = 10.0.40219.1
Project("{FAE04EC0-301F-11D3-BF4B-00C04F79EFBC}") = "Resume", "Resume\Resume.csproj", "{1C61F423-A9A6-46A9-8509-58B31A50CB49}"
EndProject
Global
	GlobalSection(SolutionConfigurationPlatforms) = preSolution
		Debug|Any CPU = Debug|Any CPU
		Release|Any CPU = Release|Any CPU
	EndGlobalSection
	GlobalSection(ProjectConfigurationPlatforms) = postSolution
		{1C61F423-A9A6-46A9-8509-58B31A50CB49}.Debug|Any CPU.ActiveCfg = Debug|Any CPU
		{1C61F423-A9A6-46A9-8509-58B31A50CB49}.Debug|Any CPU.Build.0 = Debug|Any CPU
		{1C61F423-A9A6-46A9-8509-58B31A50CB49}.Release|Any CPU.ActiveCfg = Release|Any CPU
		{1C61F423-A9A6-46A9-8509-58B31A50CB49}.Release|Any CPU.Build.0 = Release|Any CPU
	EndGlobalSection
	GlobalSection(SolutionProperties) = preSolution
		HideSolutionNode = FALSE
	EndGlobalSection
	GlobalSection(ExtensibilityGlobals) = postSolution
		SolutionGuid = {CD5A9F6E-F482-4913-8563-518214AE5223}
	EndGlobalSection
EndGlobal
